{
  "version": 4,
  "terraform_version": "1.3.6",
  "serial": 9,
  "lineage": "1d9c45ab-1ae0-9e9b-1b84-4ac86350ef2c",
  "outputs": {},
  "resources": [
    {
      "mode": "managed",
      "type": "aws_emrserverless_application",
      "name": "dqdt_emrServerless",
      "provider": "provider[\"registry.terraform.io/hashicorp/aws\"]",
      "instances": [
        {
          "schema_version": 0,
          "attributes": {
            "architecture": "X86_64",
            "arn": "arn:aws:emr-serverless:eu-west-1:690481339574:/applications/00f6gdcm22djav0p",
            "auto_start_configuration": [
              {
                "enabled": true
              }
            ],
            "auto_stop_configuration": [
              {
                "enabled": true,
                "idle_timeout_minutes": 15
              }
            ],
            "id": "00f6gdcm22djav0p",
            "initial_capacity": [
              {
                "initial_capacity_config": [
                  {
                    "worker_configuration": [
                      {
                        "cpu": "2 vCPU",
                        "disk": "20 GB",
                        "memory": "10 GB"
                      }
                    ],
                    "worker_count": 1
                  }
                ],
                "initial_capacity_type": "Driver"
              }
            ],
            "maximum_capacity": [
              {
                "cpu": "8000 vCPU",
                "disk": "400000 GB",
                "memory": "60000 GB"
              }
            ],
            "name": "dqdt_application",
            "network_configuration": [
              {
                "security_group_ids": null,
                "subnet_ids": null
              }
            ],
            "release_label": "emr-6.6.0",
            "tags": null,
            "tags_all": {},
            "type": "spark"
          },
          "sensitive_attributes": [],
          "private": "bnVsbA=="
        }
      ]
    },
    {
      "mode": "managed",
      "type": "aws_iam_policy",
      "name": "emrServerless_policy",
      "provider": "provider[\"registry.terraform.io/hashicorp/aws\"]",
      "instances": [
        {
          "schema_version": 0,
          "attributes": {
            "arn": "arn:aws:iam::690481339574:policy/emrServerless-policy",
            "description": "A policy for emr role",
            "id": "arn:aws:iam::690481339574:policy/emrServerless-policy",
            "name": "emrServerless-policy",
            "name_prefix": null,
            "path": "/",
            "policy": "{\"Statement\":[{\"Action\":[\"s3:GetObject\",\"s3:ListBucket\"],\"Effect\":\"Allow\",\"Resource\":[\"arn:aws:s3:::*.elasticmapreduce\",\"arn:aws:s3:::*.elasticmapreduce/*\"],\"Sid\":\"ReadAccessForEMRSamples\"},{\"Action\":[\"s3:PutObject\",\"s3:GetObject\",\"s3:ListBucket\",\"s3:DeleteObject\"],\"Effect\":\"Allow\",\"Resource\":[\"arn:aws:s3:::dqdt-bucket-eu-west-1\",\"arn:aws:s3:::dqdt-bucket-eu-west-1/*\"],\"Sid\":\"FullAccessToOutputBucket\"},{\"Action\":[\"glue:GetDatabase\",\"glue:CreateDatabase\",\"glue:GetDataBases\",\"glue:CreateTable\",\"glue:GetTable\",\"glue:UpdateTable\",\"glue:DeleteTable\",\"glue:GetTables\",\"glue:GetPartition\",\"glue:GetPartitions\",\"glue:CreatePartition\",\"glue:BatchCreatePartition\",\"glue:GetUserDefinedFunctions\"],\"Effect\":\"Allow\",\"Resource\":[\"*\"],\"Sid\":\"GlueCreateAndReadDataCatalog\"}],\"Version\":\"2012-10-17\"}",
            "policy_id": "ANPA2BQ7FDS3ICDMC253R",
            "tags": {},
            "tags_all": {}
          },
          "sensitive_attributes": [],
          "private": "bnVsbA=="
        }
      ]
    },
    {
      "mode": "managed",
      "type": "aws_iam_role",
      "name": "emrServerless_role",
      "provider": "provider[\"registry.terraform.io/hashicorp/aws\"]",
      "instances": [
        {
          "schema_version": 0,
          "attributes": {
            "arn": "arn:aws:iam::690481339574:role/emrServerless_role",
            "assume_role_policy": "{\"Statement\":[{\"Action\":\"sts:AssumeRole\",\"Effect\":\"Allow\",\"Principal\":{\"Service\":\"emr-serverless.amazonaws.com\"}}],\"Version\":\"2012-10-17\"}",
            "create_date": "2022-12-21T17:50:44Z",
            "description": "",
            "force_detach_policies": false,
            "id": "emrServerless_role",
            "inline_policy": [],
            "managed_policy_arns": [
              "arn:aws:iam::690481339574:policy/emrServerless-policy"
            ],
            "max_session_duration": 3600,
            "name": "emrServerless_role",
            "name_prefix": "",
            "path": "/",
            "permissions_boundary": null,
            "tags": {
              "tag-key": "emrServerless_role"
            },
            "tags_all": {
              "tag-key": "emrServerless_role"
            },
            "unique_id": "AROA2BQ7FDS3CWGABP6GD"
          },
          "sensitive_attributes": [],
          "private": "bnVsbA=="
        }
      ]
    },
    {
      "mode": "managed",
      "type": "aws_iam_role_policy_attachment",
      "name": "test-attach",
      "provider": "provider[\"registry.terraform.io/hashicorp/aws\"]",
      "instances": [
        {
          "schema_version": 0,
          "attributes": {
            "id": "emrServerless_role-20221221175048464900000002",
            "policy_arn": "arn:aws:iam::690481339574:policy/emrServerless-policy",
            "role": "emrServerless_role"
          },
          "sensitive_attributes": [],
          "private": "bnVsbA==",
          "dependencies": [
            "aws_iam_policy.emrServerless_policy",
            "aws_iam_role.emrServerless_role"
          ]
        }
      ]
    },
    {
      "mode": "managed",
      "type": "null_resource",
      "name": "copy_script",
      "provider": "provider[\"registry.terraform.io/hashicorp/null\"]",
      "instances": [
        {
          "schema_version": 0,
          "attributes": {
            "id": "1436376975",
            "triggers": null
          },
          "sensitive_attributes": []
        }
      ]
    }
  ],
  "check_results": null
}
